
Microsoft Visual Studio Solution File, Format Version 12.00
# Visual Studio Version 17
VisualStudioVersion = 17.3.32804.467
MinimumVisualStudioVersion = 10.0.40219.1
Project("{9A19103F-16F7-4668-BE54-9A1E7A4F7556}") = "ExamApp", "ExamApp\ExamApp.csproj", "{3C27563F-D224-4CF4-A268-2CF1D235B908}"
EndProject
Global
	GlobalSection(SolutionConfigurationPlatforms) = preSolution
		Debug|Any CPU = Debug|Any CPU
		Debug|ARM64 = Debug|ARM64
		Release|Any CPU = Release|Any CPU
		Release|ARM64 = Release|ARM64
	EndGlobalSection
	GlobalSection(ProjectConfigurationPlatforms) = postSolution
		{3C27563F-D224-4CF4-A268-2CF1D235B908}.Debug|Any CPU.ActiveCfg = Debug|Any CPU
		{3C27563F-D224-4CF4-A268-2CF1D235B908}.Debug|Any CPU.Build.0 = Debug|Any CPU
		{3C27563F-D224-4CF4-A268-2CF1D235B908}.Debug|ARM64.ActiveCfg = Debug|ARM64
		{3C27563F-D224-4CF4-A268-2CF1D235B908}.Debug|ARM64.Build.0 = Debug|ARM64
		{3C27563F-D224-4CF4-A268-2CF1D235B908}.Release|Any CPU.ActiveCfg = Release|Any CPU
		{3C27563F-D224-4CF4-A268-2CF1D235B908}.Release|Any CPU.Build.0 = Release|Any CPU
		{3C27563F-D224-4CF4-A268-2CF1D235B908}.Release|ARM64.ActiveCfg = Release|ARM64
		{3C27563F-D224-4CF4-A268-2CF1D235B908}.Release|ARM64.Build.0 = Release|ARM64
	EndGlobalSection
	GlobalSection(SolutionProperties) = preSolution
		HideSolutionNode = FALSE
	EndGlobalSection
	GlobalSection(ExtensibilityGlobals) = postSolution
		SolutionGuid = {AE5D2E28-67A4-4C0B-951C-34B4896932ED}
	EndGlobalSection
EndGlobal
